
Microsoft Visual Studio Solution File, Format Version 12.00
# Visual Studio 15
VisualStudioVersion = 15.0.27703.2047
MinimumVisualStudioVersion = 10.0.40219.1
Project("{9A19103F-16F7-4668-BE54-9A1E7A4F7556}") = "Utilities", "Utilities\Utilities.csproj", "{C94EB29E-CEC2-4C5A-B2B7-C2021794F832}"
EndProject
Project("{9A19103F-16F7-4668-BE54-9A1E7A4F7556}") = "Chapter_7_Arrays", "Chapter_7_Arrays\Chapter_7_Arrays.csproj", "{8CA1508C-30BA-4B8C-8FF4-0C06F8BD125D}"
EndProject
Project("{9A19103F-16F7-4668-BE54-9A1E7A4F7556}") = "Chapter_5_ConditionalStatements", "Chapter_5_ConditionalStatements\Chapter_5_ConditionalStatements.csproj", "{D919264D-E07E-49D9-9F8D-18EF57567F02}"
EndProject
Project("{9A19103F-16F7-4668-BE54-9A1E7A4F7556}") = "Chapter_6_Loops", "Chapter_6_Loops\Chapter_6_Loops.csproj", "{4DA87521-2BF8-41AE-B294-A83CA1556F36}"
EndProject
Project("{9A19103F-16F7-4668-BE54-9A1E7A4F7556}") = "Chapter_9_Methods", "Chapter_9_Methods\Chapter_9_Methods.csproj", "{184CBC18-20B3-4438-A14F-811F374B204A}"
EndProject
Project("{9A19103F-16F7-4668-BE54-9A1E7A4F7556}") = "Chapter_10_Recusrion", "Chapter_10_Recusrion\Chapter_10_Recusrion.csproj", "{5BAD31D8-2383-4018-A9CD-2D9FD0BC3C79}"
EndProject
Project("{9A19103F-16F7-4668-BE54-9A1E7A4F7556}") = "Chapter_4_ConsoleInputOutput", "Chapter_4_ConsoleInputOutput\Chapter_4_ConsoleInputOutput.csproj", "{441F8DB6-9F7B-435D-90DD-5EE9230EC5F7}"
EndProject
Project("{9A19103F-16F7-4668-BE54-9A1E7A4F7556}") = "Chapter_11_CreatingAndUsingObjects", "Chapter_11_CreatingAndUsingObjects\Chapter_11_CreatingAndUsingObjects.csproj", "{DD5C19D3-7471-4A25-860C-6B9D98ACC831}"
EndProject
Project("{9A19103F-16F7-4668-BE54-9A1E7A4F7556}") = "Chapter_12_ExceptionHandling", "Chapter_12_ExceptionHandling\Chapter_12_ExceptionHandling.csproj", "{9BB927BE-7BE3-4189-B363-8B7AA785F20E}"
EndProject
Project("{9A19103F-16F7-4668-BE54-9A1E7A4F7556}") = "Cahpter_13_StringAndTextProceesing", "Cahpter_13_StringAndTextProceesing\Cahpter_13_StringAndTextProceesing.csproj", "{01F54CAF-53A2-4A35-B279-1E67170E19CB}"
EndProject
Project("{9A19103F-16F7-4668-BE54-9A1E7A4F7556}") = "Chapter_14_DefiningClasses", "Chapter_14_DefiningClasses\Chapter_14_DefiningClasses.csproj", "{9EA76349-7EB8-4929-80A8-AAAEBF1B10FC}"
EndProject
Project("{FAE04EC0-301F-11D3-BF4B-00C04F79EFBC}") = "Chapter_15_TextFiles", "Chapter_15_TextFiles\Chapter_15_TextFiles.csproj", "{22C59C26-E3ED-4159-BBF9-D4497D153C04}"
EndProject
Global
	GlobalSection(SolutionConfigurationPlatforms) = preSolution
		Debug|Any CPU = Debug|Any CPU
		Release|Any CPU = Release|Any CPU
	EndGlobalSection
	GlobalSection(ProjectConfigurationPlatforms) = postSolution
		{C94EB29E-CEC2-4C5A-B2B7-C2021794F832}.Debug|Any CPU.ActiveCfg = Debug|Any CPU
		{C94EB29E-CEC2-4C5A-B2B7-C2021794F832}.Debug|Any CPU.Build.0 = Debug|Any CPU
		{C94EB29E-CEC2-4C5A-B2B7-C2021794F832}.Release|Any CPU.ActiveCfg = Release|Any CPU
		{C94EB29E-CEC2-4C5A-B2B7-C2021794F832}.Release|Any CPU.Build.0 = Release|Any CPU
		{8CA1508C-30BA-4B8C-8FF4-0C06F8BD125D}.Debug|Any CPU.ActiveCfg = Debug|Any CPU
		{8CA1508C-30BA-4B8C-8FF4-0C06F8BD125D}.Debug|Any CPU.Build.0 = Debug|Any CPU
		{8CA1508C-30BA-4B8C-8FF4-0C06F8BD125D}.Release|Any CPU.ActiveCfg = Release|Any CPU
		{8CA1508C-30BA-4B8C-8FF4-0C06F8BD125D}.Release|Any CPU.Build.0 = Release|Any CPU
		{D919264D-E07E-49D9-9F8D-18EF57567F02}.Debug|Any CPU.ActiveCfg = Debug|Any CPU
		{D919264D-E07E-49D9-9F8D-18EF57567F02}.Debug|Any CPU.Build.0 = Debug|Any CPU
		{D919264D-E07E-49D9-9F8D-18EF57567F02}.Release|Any CPU.ActiveCfg = Release|Any CPU
		{D919264D-E07E-49D9-9F8D-18EF57567F02}.Release|Any CPU.Build.0 = Release|Any CPU
		{4DA87521-2BF8-41AE-B294-A83CA1556F36}.Debug|Any CPU.ActiveCfg = Debug|Any CPU
		{4DA87521-2BF8-41AE-B294-A83CA1556F36}.Debug|Any CPU.Build.0 = Debug|Any CPU
		{4DA87521-2BF8-41AE-B294-A83CA1556F36}.Release|Any CPU.ActiveCfg = Release|Any CPU
		{4DA87521-2BF8-41AE-B294-A83CA1556F36}.Release|Any CPU.Build.0 = Release|Any CPU
		{184CBC18-20B3-4438-A14F-811F374B204A}.Debug|Any CPU.ActiveCfg = Debug|Any CPU
		{184CBC18-20B3-4438-A14F-811F374B204A}.Debug|Any CPU.Build.0 = Debug|Any CPU
		{184CBC18-20B3-4438-A14F-811F374B204A}.Release|Any CPU.ActiveCfg = Release|Any CPU
		{184CBC18-20B3-4438-A14F-811F374B204A}.Release|Any CPU.Build.0 = Release|Any CPU
		{5BAD31D8-2383-4018-A9CD-2D9FD0BC3C79}.Debug|Any CPU.ActiveCfg = Debug|Any CPU
		{5BAD31D8-2383-4018-A9CD-2D9FD0BC3C79}.Debug|Any CPU.Build.0 = Debug|Any CPU
		{5BAD31D8-2383-4018-A9CD-2D9FD0BC3C79}.Release|Any CPU.ActiveCfg = Release|Any CPU
		{5BAD31D8-2383-4018-A9CD-2D9FD0BC3C79}.Release|Any CPU.Build.0 = Release|Any CPU
		{441F8DB6-9F7B-435D-90DD-5EE9230EC5F7}.Debug|Any CPU.ActiveCfg = Debug|Any CPU
		{441F8DB6-9F7B-435D-90DD-5EE9230EC5F7}.Debug|Any CPU.Build.0 = Debug|Any CPU
		{441F8DB6-9F7B-435D-90DD-5EE9230EC5F7}.Release|Any CPU.ActiveCfg = Release|Any CPU
		{441F8DB6-9F7B-435D-90DD-5EE9230EC5F7}.Release|Any CPU.Build.0 = Release|Any CPU
		{DD5C19D3-7471-4A25-860C-6B9D98ACC831}.Debug|Any CPU.ActiveCfg = Debug|Any CPU
		{DD5C19D3-7471-4A25-860C-6B9D98ACC831}.Debug|Any CPU.Build.0 = Debug|Any CPU
		{DD5C19D3-7471-4A25-860C-6B9D98ACC831}.Release|Any CPU.ActiveCfg = Release|Any CPU
		{DD5C19D3-7471-4A25-860C-6B9D98ACC831}.Release|Any CPU.Build.0 = Release|Any CPU
		{9BB927BE-7BE3-4189-B363-8B7AA785F20E}.Debug|Any CPU.ActiveCfg = Debug|Any CPU
		{9BB927BE-7BE3-4189-B363-8B7AA785F20E}.Debug|Any CPU.Build.0 = Debug|Any CPU
		{9BB927BE-7BE3-4189-B363-8B7AA785F20E}.Release|Any CPU.ActiveCfg = Release|Any CPU
		{9BB927BE-7BE3-4189-B363-8B7AA785F20E}.Release|Any CPU.Build.0 = Release|Any CPU
		{01F54CAF-53A2-4A35-B279-1E67170E19CB}.Debug|Any CPU.ActiveCfg = Debug|Any CPU
		{01F54CAF-53A2-4A35-B279-1E67170E19CB}.Debug|Any CPU.Build.0 = Debug|Any CPU
		{01F54CAF-53A2-4A35-B279-1E67170E19CB}.Release|Any CPU.ActiveCfg = Release|Any CPU
		{01F54CAF-53A2-4A35-B279-1E67170E19CB}.Release|Any CPU.Build.0 = Release|Any CPU
		{9EA76349-7EB8-4929-80A8-AAAEBF1B10FC}.Debug|Any CPU.ActiveCfg = Debug|Any CPU
		{9EA76349-7EB8-4929-80A8-AAAEBF1B10FC}.Debug|Any CPU.Build.0 = Debug|Any CPU
		{9EA76349-7EB8-4929-80A8-AAAEBF1B10FC}.Release|Any CPU.ActiveCfg = Release|Any CPU
		{9EA76349-7EB8-4929-80A8-AAAEBF1B10FC}.Release|Any CPU.Build.0 = Release|Any CPU
		{22C59C26-E3ED-4159-BBF9-D4497D153C04}.Debug|Any CPU.ActiveCfg = Debug|Any CPU
		{22C59C26-E3ED-4159-BBF9-D4497D153C04}.Debug|Any CPU.Build.0 = Debug|Any CPU
		{22C59C26-E3ED-4159-BBF9-D4497D153C04}.Release|Any CPU.ActiveCfg = Release|Any CPU
		{22C59C26-E3ED-4159-BBF9-D4497D153C04}.Release|Any CPU.Build.0 = Release|Any CPU
	EndGlobalSection
	GlobalSection(SolutionProperties) = preSolution
		HideSolutionNode = FALSE
	EndGlobalSection
	GlobalSection(ExtensibilityGlobals) = postSolution
		SolutionGuid = {61332C4F-6EB6-4DF7-ACEF-493B6A55F59D}
	EndGlobalSection
EndGlobal
